
Microsoft Visual Studio Solution File, Format Version 12.00
# Visual Studio Version 16
VisualStudioVersion = 16.0.31424.327
MinimumVisualStudioVersion = 10.0.40219.1
Project("{FAE04EC0-301F-11D3-BF4B-00C04F79EFBC}") = "MinimumDFA", "MinimumDFA\MinimumDFA.csproj", "{89C5A719-92E7-470A-AB83-02F48A1C6E4F}"
EndProject
Global
	GlobalSection(SolutionConfigurationPlatforms) = preSolution
		Debug|Any CPU = Debug|Any CPU
		Release|Any CPU = Release|Any CPU
	EndGlobalSection
	GlobalSection(ProjectConfigurationPlatforms) = postSolution
		{89C5A719-92E7-470A-AB83-02F48A1C6E4F}.Debug|Any CPU.ActiveCfg = Debug|Any CPU
		{89C5A719-92E7-470A-AB83-02F48A1C6E4F}.Debug|Any CPU.Build.0 = Debug|Any CPU
		{89C5A719-92E7-470A-AB83-02F48A1C6E4F}.Release|Any CPU.ActiveCfg = Release|Any CPU
		{89C5A719-92E7-470A-AB83-02F48A1C6E4F}.Release|Any CPU.Build.0 = Release|Any CPU
	EndGlobalSection
	GlobalSection(SolutionProperties) = preSolution
		HideSolutionNode = FALSE
	EndGlobalSection
	GlobalSection(ExtensibilityGlobals) = postSolution
		SolutionGuid = {B916D130-22C2-431E-A9F7-7895474511EC}
	EndGlobalSection
EndGlobal
